
Microsoft Visual Studio Solution File, Format Version 12.00
# Visual Studio Version 17
VisualStudioVersion = 17.9.34714.143
MinimumVisualStudioVersion = 10.0.40219.1
Project("{FAE04EC0-301F-11D3-BF4B-00C04F79EFBC}") = "LocadoraAPI", "LocadoraAPI\LocadoraAPI.csproj", "{20A777B0-33CA-4C51-9744-5939C60EE266}"
EndProject
Global
	GlobalSection(SolutionConfigurationPlatforms) = preSolution
		Debug|Any CPU = Debug|Any CPU
		Release|Any CPU = Release|Any CPU
	EndGlobalSection
	GlobalSection(ProjectConfigurationPlatforms) = postSolution
		{20A777B0-33CA-4C51-9744-5939C60EE266}.Debug|Any CPU.ActiveCfg = Debug|Any CPU
		{20A777B0-33CA-4C51-9744-5939C60EE266}.Debug|Any CPU.Build.0 = Debug|Any CPU
		{20A777B0-33CA-4C51-9744-5939C60EE266}.Release|Any CPU.ActiveCfg = Release|Any CPU
		{20A777B0-33CA-4C51-9744-5939C60EE266}.Release|Any CPU.Build.0 = Release|Any CPU
	EndGlobalSection
	GlobalSection(SolutionProperties) = preSolution
		HideSolutionNode = FALSE
	EndGlobalSection
	GlobalSection(ExtensibilityGlobals) = postSolution
		SolutionGuid = {44034D73-FD4C-4BD5-A910-BF35F9C42222}
	EndGlobalSection
EndGlobal
